<?xml version="1.0" encoding="utf-8"?>
<Project ToolsVersion="4.0" xmlns="http://schemas.microsoft.com/developer/msbuild/2003">
  <ItemGroup>
    <Filter Include="Header">
      <UniqueIdentifier>{93995380-89BD-4b04-88EB-625FBE52EBFB}</UniqueIdentifier>
      <Extensions>h;hh;hpp;hxx;h++;hm;inl;inc;ipp;xsd</Extensions>
    </Filter>
    <Filter Include="Source">
      <UniqueIdentifier>{4FC737F1-C7A5-4376-A066-2A32D752A2FF}</UniqueIdentifier>
      <Extensions>cpp;c;cc;cxx;c++;def;odl;idl;hpj;bat;asm;asmx</Extensions>
    </Filter>
    <Filter Include="Resource">
      <UniqueIdentifier>{67DA6AB6-F800-4c08-8B7A-83BB121AAD01}</UniqueIdentifier>
      <Extensions>rc;ico;cur;bmp;dlg;rc2;rct;bin;rgs;gif;jpg;jpeg;jpe;resx;tiff;tif;png;wav;mfcribbon-ms</Extensions>
    </Filter>
  </ItemGroup>
  <ItemGroup>
    <ClInclude Include="framework.h">
      <Filter>Header</Filter>
    </ClInclude>
    <ClInclude Include="pch.h">
      <Filter>Header</Filter>
    </ClInclude>
    <ClInclude Include="tf_application.h">
      <Filter>Header</Filter>
    </ClInclude>
    <ClInclude Include="tf_common.h">
      <Filter>Header</Filter>
    </ClInclude>
    <ClInclude Include="Document.h">
      <Filter>Header</Filter>
    </ClInclude>
    <ClInclude Include="Context.h">
      <Filter>Header</Filter>
    </ClInclude>
    <ClInclude Include="TextEditSink.h">
      <Filter>Header</Filter>
    </ClInclude>
    <ClInclude Include="ContextOwner.h">
      <Filter>Header</Filter>
    </ClInclude>
    <ClInclude Include="COMBase.h">
      <Filter>Header</Filter>
    </ClInclude>
    <ClInclude Include="TextStore.h">
      <Filter>Header</Filter>
    </ClInclude>
    <ClInclude Include="ContextOwnerCompositionSink.h">
      <Filter>Header</Filter>
    </ClInclude>
    <ClInclude Include="UIElementSink.h">
      <Filter>Header</Filter>
    </ClInclude>
    <ClInclude Include="CompositionEventArgs.h">
      <Filter>Header</Filter>
    </ClInclude>
    <ClInclude Include="UIElementEventArgs.h">
      <Filter>Header</Filter>
    </ClInclude>
    <ClInclude Include="CandidateListHandler.h">
      <Filter>Header</Filter>
    </ClInclude>
    <ClInclude Include="resource.h">
      <Filter>Header</Filter>
    </ClInclude>
  </ItemGroup>
  <ItemGroup>
    <ClCompile Include="pch.cpp">
      <Filter>Source</Filter>
    </ClCompile>
    <ClCompile Include="tf_application.cpp">
      <Filter>Source</Filter>
    </ClCompile>
    <ClCompile Include="tf_common.cpp">
      <Filter>Source</Filter>
    </ClCompile>
    <ClCompile Include="Document.cpp">
      <Filter>Source</Filter>
    </ClCompile>
    <ClCompile Include="Context.cpp">
      <Filter>Source</Filter>
    </ClCompile>
    <ClCompile Include="TextEditSink.cpp">
      <Filter>Source</Filter>
    </ClCompile>
    <ClCompile Include="ContextOwnerCompositionSink.cpp">
      <Filter>Source</Filter>
    </ClCompile>
    <ClCompile Include="ContextOwner.cpp">
      <Filter>Source</Filter>
    </ClCompile>
    <ClCompile Include="TextStore.cpp">
      <Filter>Source</Filter>
    </ClCompile>
    <ClCompile Include="UIElementSink.cpp">
      <Filter>Source</Filter>
    </ClCompile>
    <ClCompile Include="CompositionEventArgs.cpp">
      <Filter>Source</Filter>
    </ClCompile>
    <ClCompile Include="UIElementEventArgs.cpp">
      <Filter>Source</Filter>
    </ClCompile>
  </ItemGroup>
  <ItemGroup>
    <None Include="cpp.hint" />
  </ItemGroup>
</Project>